// !$*UTF8*$!
{
	archiveVersion = 1;
	classes = {
	};
	objectVersion = 56;
	objects = {

/* Begin PBXBuildFile section */
		0C224A7E29BCDA4F0028D141 /* view_model.swift in Sources */ = {isa = PBXBuildFile; fileRef = 0C224A7D29BCDA4F0028D141 /* view_model.swift */; };
		0C9701FD29B5021200845835 /* TiltNeon-Regular.ttf in Resources */ = {isa = PBXBuildFile; fileRef = 0C9701FC29B5021200845835 /* TiltNeon-Regular.ttf */; };
		0C97020029B5439500845835 /* CreateNoteView.swift in Sources */ = {isa = PBXBuildFile; fileRef = 0C9701FF29B5439500845835 /* CreateNoteView.swift */; };
		0CD58C6429E2EA35008C5101 /* extension.swift in Sources */ = {isa = PBXBuildFile; fileRef = 0CD58C6329E2EA35008C5101 /* extension.swift */; };
		0CD58C6829E37056008C5101 /* Alkatra-Medium.ttf in Resources */ = {isa = PBXBuildFile; fileRef = 0CD58C6729E37056008C5101 /* Alkatra-Medium.ttf */; };
		0CD58C6A29E37920008C5101 /* Details_View.swift in Sources */ = {isa = PBXBuildFile; fileRef = 0CD58C6929E37920008C5101 /* Details_View.swift */; };
		0CE29D3929B3E73C00B3601E /* ShantellSans-Light.ttf in Resources */ = {isa = PBXBuildFile; fileRef = 0CE29D3829B3E73C00B3601E /* ShantellSans-Light.ttf */; };
		0CE29D3E29B3E76700B3601E /* ShantellSans-Medium.ttf in Resources */ = {isa = PBXBuildFile; fileRef = 0CE29D3B29B3E76700B3601E /* ShantellSans-Medium.ttf */; };
		0CE29D3F29B3E76700B3601E /* ShantellSans-Regular.ttf in Resources */ = {isa = PBXBuildFile; fileRef = 0CE29D3C29B3E76700B3601E /* ShantellSans-Regular.ttf */; };
		0CE29D4129B3E77B00B3601E /* ClimateCrisis-Regular.ttf in Resources */ = {isa = PBXBuildFile; fileRef = 0CE29D4029B3E77B00B3601E /* ClimateCrisis-Regular.ttf */; };
		0CE29D4529B3F5F800B3601E /* Constants.swift in Sources */ = {isa = PBXBuildFile; fileRef = 0CE29D4429B3F5F800B3601E /* Constants.swift */; };
		0CE29D4829B413E600B3601E /* Sample_Model.swift in Sources */ = {isa = PBXBuildFile; fileRef = 0CE29D4729B413E600B3601E /* Sample_Model.swift */; };
		0CE29D4B29B41DB500B3601E /* helpers.swift in Sources */ = {isa = PBXBuildFile; fileRef = 0CE29D4A29B41DB400B3601E /* helpers.swift */; };
		0CE46BE129AC20ED00D6E038 /* NotesApp.swift in Sources */ = {isa = PBXBuildFile; fileRef = 0CE46BE029AC20ED00D6E038 /* NotesApp.swift */; };
		0CE46BE329AC20ED00D6E038 /* ContentView.swift in Sources */ = {isa = PBXBuildFile; fileRef = 0CE46BE229AC20ED00D6E038 /* ContentView.swift */; };
		0CE46BE529AC20EE00D6E038 /* Assets.xcassets in Resources */ = {isa = PBXBuildFile; fileRef = 0CE46BE429AC20EE00D6E038 /* Assets.xcassets */; };
		0CE46BE829AC20EE00D6E038 /* Preview Assets.xcassets in Resources */ = {isa = PBXBuildFile; fileRef = 0CE46BE729AC20EE00D6E038 /* Preview Assets.xcassets */; };
/* End PBXBuildFile section */

/* Begin PBXFileReference section */
		0C224A7D29BCDA4F0028D141 /* view_model.swift */ = {isa = PBXFileReference; lastKnownFileType = sourcecode.swift; path = view_model.swift; sourceTree = "<group>"; };
		0C9701FC29B5021200845835 /* TiltNeon-Regular.ttf */ = {isa = PBXFileReference; lastKnownFileType = file; path = "TiltNeon-Regular.ttf"; sourceTree = "<group>"; };
		0C9701FF29B5439500845835 /* CreateNoteView.swift */ = {isa = PBXFileReference; lastKnownFileType = sourcecode.swift; path = CreateNoteView.swift; sourceTree = "<group>"; };
		0CD58C6329E2EA35008C5101 /* extension.swift */ = {isa = PBXFileReference; lastKnownFileType = sourcecode.swift; path = extension.swift; sourceTree = "<group>"; };
		0CD58C6729E37056008C5101 /* Alkatra-Medium.ttf */ = {isa = PBXFileReference; lastKnownFileType = file; name = "Alkatra-Medium.ttf"; path = "../../../../Downloads/Alkatra/static/Alkatra-Medium.ttf"; sourceTree = "<group>"; };
		0CD58C6929E37920008C5101 /* Details_View.swift */ = {isa = PBXFileReference; lastKnownFileType = sourcecode.swift; path = Details_View.swift; sourceTree = "<group>"; };
		0CE29D3829B3E73C00B3601E /* ShantellSans-Light.ttf */ = {isa = PBXFileReference; lastKnownFileType = file; path = "ShantellSans-Light.ttf"; sourceTree = "<group>"; };
		0CE29D3B29B3E76700B3601E /* ShantellSans-Medium.ttf */ = {isa = PBXFileReference; lastKnownFileType = file; path = "ShantellSans-Medium.ttf"; sourceTree = "<group>"; };
		0CE29D3C29B3E76700B3601E /* ShantellSans-Regular.ttf */ = {isa = PBXFileReference; lastKnownFileType = file; path = "ShantellSans-Regular.ttf"; sourceTree = "<group>"; };
		0CE29D4029B3E77B00B3601E /* ClimateCrisis-Regular.ttf */ = {isa = PBXFileReference; lastKnownFileType = file; path = "ClimateCrisis-Regular.ttf"; sourceTree = "<group>"; };
		0CE29D4229B3E8C200B3601E /* Info.plist */ = {isa = PBXFileReference; lastKnownFileType = text.plist; path = Info.plist; sourceTree = "<group>"; };
		0CE29D4429B3F5F800B3601E /* Constants.swift */ = {isa = PBXFileReference; lastKnownFileType = sourcecode.swift; path = Constants.swift; sourceTree = "<group>"; };
		0CE29D4729B413E600B3601E /* Sample_Model.swift */ = {isa = PBXFileReference; lastKnownFileType = sourcecode.swift; path = Sample_Model.swift; sourceTree = "<group>"; };
		0CE29D4A29B41DB400B3601E /* helpers.swift */ = {isa = PBXFileReference; lastKnownFileType = sourcecode.swift; path = helpers.swift; sourceTree = "<group>"; };
		0CE46BDD29AC20ED00D6E038 /* Notes.app */ = {isa = PBXFileReference; explicitFileType = wrapper.application; includeInIndex = 0; path = Notes.app; sourceTree = BUILT_PRODUCTS_DIR; };
		0CE46BE029AC20ED00D6E038 /* NotesApp.swift */ = {isa = PBXFileReference; lastKnownFileType = sourcecode.swift; path = NotesApp.swift; sourceTree = "<group>"; };
		0CE46BE229AC20ED00D6E038 /* ContentView.swift */ = {isa = PBXFileReference; lastKnownFileType = sourcecode.swift; path = ContentView.swift; sourceTree = "<group>"; };
		0CE46BE429AC20EE00D6E038 /* Assets.xcassets */ = {isa = PBXFileReference; lastKnownFileType = folder.assetcatalog; path = Assets.xcassets; sourceTree = "<group>"; };
		0CE46BE729AC20EE00D6E038 /* Preview Assets.xcassets */ = {isa = PBXFileReference; lastKnownFileType = folder.assetcatalog; path = "Preview Assets.xcassets"; sourceTree = "<group>"; };
/* End PBXFileReference section */

/* Begin PBXFrameworksBuildPhase section */
		0CE46BDA29AC20ED00D6E038 /* Frameworks */ = {
			isa = PBXFrameworksBuildPhase;
			buildActionMask = 2147483647;
			files = (
			);
			runOnlyForDeploymentPostprocessing = 0;
		};
/* End PBXFrameworksBuildPhase section */

/* Begin PBXGroup section */
		0C224A7C29BCDA310028D141 /* View_Model */ = {
			isa = PBXGroup;
			children = (
				0C224A7D29BCDA4F0028D141 /* view_model.swift */,
			);
			path = View_Model;
			sourceTree = "<group>";
		};
		0C9701FE29B5437D00845835 /* Views */ = {
			isa = PBXGroup;
			children = (
				0C9701FF29B5439500845835 /* CreateNoteView.swift */,
				0CD58C6929E37920008C5101 /* Details_View.swift */,
			);
			path = Views;
			sourceTree = "<group>";
		};
		0CD58C6229E2EA0E008C5101 /* extension */ = {
			isa = PBXGroup;
			children = (
				0CD58C6329E2EA35008C5101 /* extension.swift */,
			);
			path = extension;
			sourceTree = "<group>";
		};
		0CE29D3329B3E6C700B3601E /* Fonts */ = {
			isa = PBXGroup;
			children = (
				0CE29D3829B3E73C00B3601E /* ShantellSans-Light.ttf */,
				0C9701FC29B5021200845835 /* TiltNeon-Regular.ttf */,
				0CD58C6729E37056008C5101 /* Alkatra-Medium.ttf */,
				0CE29D3B29B3E76700B3601E /* ShantellSans-Medium.ttf */,
				0CE29D4029B3E77B00B3601E /* ClimateCrisis-Regular.ttf */,
				0CE29D3C29B3E76700B3601E /* ShantellSans-Regular.ttf */,
			);
			path = Fonts;
			sourceTree = "<group>";
		};
		0CE29D4329B3F5DC00B3601E /* Constants */ = {
			isa = PBXGroup;
			children = (
				0CE29D4429B3F5F800B3601E /* Constants.swift */,
			);
			path = Constants;
			sourceTree = "<group>";
		};
		0CE29D4629B413CF00B3601E /* Model */ = {
			isa = PBXGroup;
			children = (
				0CE29D4729B413E600B3601E /* Sample_Model.swift */,
			);
			path = Model;
			sourceTree = "<group>";
		};
		0CE29D4929B41DA700B3601E /* Helpers */ = {
			isa = PBXGroup;
			children = (
				0CE29D4A29B41DB400B3601E /* helpers.swift */,
			);
			path = Helpers;
			sourceTree = "<group>";
		};
		0CE46BD429AC20ED00D6E038 = {
			isa = PBXGroup;
			children = (
				0CE46BDF29AC20ED00D6E038 /* Notes */,
				0CE46BDE29AC20ED00D6E038 /* Products */,
			);
			sourceTree = "<group>";
		};
		0CE46BDE29AC20ED00D6E038 /* Products */ = {
			isa = PBXGroup;
			children = (
				0CE46BDD29AC20ED00D6E038 /* Notes.app */,
			);
			name = Products;
			sourceTree = "<group>";
		};
		0CE46BDF29AC20ED00D6E038 /* Notes */ = {
			isa = PBXGroup;
			children = (
				0CD58C6229E2EA0E008C5101 /* extension */,
				0C224A7C29BCDA310028D141 /* View_Model */,
				0C9701FE29B5437D00845835 /* Views */,
				0CE29D4929B41DA700B3601E /* Helpers */,
				0CE29D4629B413CF00B3601E /* Model */,
				0CE29D4329B3F5DC00B3601E /* Constants */,
				0CE29D4229B3E8C200B3601E /* Info.plist */,
				0CE29D3329B3E6C700B3601E /* Fonts */,
				0CE46BE029AC20ED00D6E038 /* NotesApp.swift */,
				0CE46BE229AC20ED00D6E038 /* ContentView.swift */,
				0CE46BE429AC20EE00D6E038 /* Assets.xcassets */,
				0CE46BE629AC20EE00D6E038 /* Preview Content */,
			);
			path = Notes;
			sourceTree = "<group>";
		};
		0CE46BE629AC20EE00D6E038 /* Preview Content */ = {
			isa = PBXGroup;
			children = (
				0CE46BE729AC20EE00D6E038 /* Preview Assets.xcassets */,
			);
			path = "Preview Content";
			sourceTree = "<group>";
		};
/* End PBXGroup section */

/* Begin PBXNativeTarget section */
		0CE46BDC29AC20ED00D6E038 /* Notes */ = {
			isa = PBXNativeTarget;
			buildConfigurationList = 0CE46BEB29AC20EE00D6E038 /* Build configuration list for PBXNativeTarget "Notes" */;
			buildPhases = (
				0CE46BD929AC20ED00D6E038 /* Sources */,
				0CE46BDA29AC20ED00D6E038 /* Frameworks */,
				0CE46BDB29AC20ED00D6E038 /* Resources */,
			);
			buildRules = (
			);
			dependencies = (
			);
			name = Notes;
			productName = Notes;
			productReference = 0CE46BDD29AC20ED00D6E038 /* Notes.app */;
			productType = "com.apple.product-type.application";
		};
/* End PBXNativeTarget section */

/* Begin PBXProject section */
		0CE46BD529AC20ED00D6E038 /* Project object */ = {
			isa = PBXProject;
			attributes = {
				BuildIndependentTargetsInParallel = 1;
				LastSwiftUpdateCheck = 1400;
				LastUpgradeCheck = 1400;
				TargetAttributes = {
					0CE46BDC29AC20ED00D6E038 = {
						CreatedOnToolsVersion = 14.0.1;
					};
				};
			};
			buildConfigurationList = 0CE46BD829AC20ED00D6E038 /* Build configuration list for PBXProject "Notes" */;
			compatibilityVersion = "Xcode 14.0";
			developmentRegion = en;
			hasScannedForEncodings = 0;
			knownRegions = (
				en,
				Base,
			);
			mainGroup = 0CE46BD429AC20ED00D6E038;
			productRefGroup = 0CE46BDE29AC20ED00D6E038 /* Products */;
			projectDirPath = "";
			projectRoot = "";
			targets = (
				0CE46BDC29AC20ED00D6E038 /* Notes */,
			);
		};
/* End PBXProject section */

/* Begin PBXResourcesBuildPhase section */
		0CE46BDB29AC20ED00D6E038 /* Resources */ = {
			isa = PBXResourcesBuildPhase;
			buildActionMask = 2147483647;
			files = (
				0CE46BE829AC20EE00D6E038 /* Preview Assets.xcassets in Resources */,
				0CE29D3F29B3E76700B3601E /* ShantellSans-Regular.ttf in Resources */,
				0CE29D4129B3E77B00B3601E /* ClimateCrisis-Regular.ttf in Resources */,
				0CE29D3929B3E73C00B3601E /* ShantellSans-Light.ttf in Resources */,
				0CD58C6829E37056008C5101 /* Alkatra-Medium.ttf in Resources */,
				0CE46BE529AC20EE00D6E038 /* Assets.xcassets in Resources */,
				0CE29D3E29B3E76700B3601E /* ShantellSans-Medium.ttf in Resources */,
				0C9701FD29B5021200845835 /* TiltNeon-Regular.ttf in Resources */,
			);
			runOnlyForDeploymentPostprocessing = 0;
		};
/* End PBXResourcesBuildPhase section */

/* Begin PBXSourcesBuildPhase section */
		0CE46BD929AC20ED00D6E038 /* Sources */ = {
			isa = PBXSourcesBuildPhase;
			buildActionMask = 2147483647;
			files = (
				0CE46BE329AC20ED00D6E038 /* ContentView.swift in Sources */,
				0CE46BE129AC20ED00D6E038 /* NotesApp.swift in Sources */,
				0CD58C6A29E37920008C5101 /* Details_View.swift in Sources */,
				0CE29D4529B3F5F800B3601E /* Constants.swift in Sources */,
				0CE29D4829B413E600B3601E /* Sample_Model.swift in Sources */,
				0CE29D4B29B41DB500B3601E /* helpers.swift in Sources */,
				0C224A7E29BCDA4F0028D141 /* view_model.swift in Sources */,
				0C97020029B5439500845835 /* CreateNoteView.swift in Sources */,
				0CD58C6429E2EA35008C5101 /* extension.swift in Sources */,
			);
			runOnlyForDeploymentPostprocessing = 0;
		};
/* End PBXSourcesBuildPhase section */

/* Begin XCBuildConfiguration section */
		0CE46BE929AC20EE00D6E038 /* Debug */ = {
			isa = XCBuildConfiguration;
			buildSettings = {
				ALWAYS_SEARCH_USER_PATHS = NO;
				CLANG_ANALYZER_NONNULL = YES;
				CLANG_ANALYZER_NUMBER_OBJECT_CONVERSION = YES_AGGRESSIVE;
				CLANG_CXX_LANGUAGE_STANDARD = "gnu++20";
				CLANG_ENABLE_MODULES = YES;
				CLANG_ENABLE_OBJC_ARC = YES;
				CLANG_ENABLE_OBJC_WEAK = YES;
				CLANG_WARN_BLOCK_CAPTURE_AUTORELEASING = YES;
				CLANG_WARN_BOOL_CONVERSION = YES;
				CLANG_WARN_COMMA = YES;
				CLANG_WARN_CONSTANT_CONVERSION = YES;
				CLANG_WARN_DEPRECATED_OBJC_IMPLEMENTATIONS = YES;
				CLANG_WARN_DIRECT_OBJC_ISA_USAGE = YES_ERROR;
				CLANG_WARN_DOCUMENTATION_COMMENTS = YES;
				CLANG_WARN_EMPTY_BODY = YES;
				CLANG_WARN_ENUM_CONVERSION = YES;
				CLANG_WARN_INFINITE_RECURSION = YES;
				CLANG_WARN_INT_CONVERSION = YES;
				CLANG_WARN_NON_LITERAL_NULL_CONVERSION = YES;
				CLANG_WARN_OBJC_IMPLICIT_RETAIN_SELF = YES;
				CLANG_WARN_OBJC_LITERAL_CONVERSION = YES;
				CLANG_WARN_OBJC_ROOT_CLASS = YES_ERROR;
				CLANG_WARN_QUOTED_INCLUDE_IN_FRAMEWORK_HEADER = YES;
				CLANG_WARN_RANGE_LOOP_ANALYSIS = YES;
				CLANG_WARN_STRICT_PROTOTYPES = YES;
				CLANG_WARN_SUSPICIOUS_MOVE = YES;
				CLANG_WARN_UNGUARDED_AVAILABILITY = YES_AGGRESSIVE;
				CLANG_WARN_UNREACHABLE_CODE = YES;
				CLANG_WARN__DUPLICATE_METHOD_MATCH = YES;
				COPY_PHASE_STRIP = NO;
				DEBUG_INFORMATION_FORMAT = dwarf;
				ENABLE_STRICT_OBJC_MSGSEND = YES;
				ENABLE_TESTABILITY = YES;
				GCC_C_LANGUAGE_STANDARD = gnu11;
				GCC_DYNAMIC_NO_PIC = NO;
				GCC_NO_COMMON_BLOCKS = YES;
				GCC_OPTIMIZATION_LEVEL = 0;
				GCC_PREPROCESSOR_DEFINITIONS = (
					"DEBUG=1",
					"$(inherited)",
				);
				GCC_WARN_64_TO_32_BIT_CONVERSION = YES;
				GCC_WARN_ABOUT_RETURN_TYPE = YES_ERROR;
				GCC_WARN_UNDECLARED_SELECTOR = YES;
				GCC_WARN_UNINITIALIZED_AUTOS = YES_AGGRESSIVE;
				GCC_WARN_UNUSED_FUNCTION = YES;
				GCC_WARN_UNUSED_VARIABLE = YES;
				IPHONEOS_DEPLOYMENT_TARGET = 16.0;
				MTL_ENABLE_DEBUG_INFO = INCLUDE_SOURCE;
				MTL_FAST_MATH = YES;
				ONLY_ACTIVE_ARCH = YES;
				SDKROOT = iphoneos;
				SWIFT_ACTIVE_COMPILATION_CONDITIONS = DEBUG;
				SWIFT_OPTIMIZATION_LEVEL = "-Onone";
			};
			name = Debug;
		};
		0CE46BEA29AC20EE00D6E038 /* Release */ = {
			isa = XCBuildConfiguration;
			buildSettings = {
				ALWAYS_SEARCH_USER_PATHS = NO;
				CLANG_ANALYZER_NONNULL = YES;
				CLANG_ANALYZER_NUMBER_OBJECT_CONVERSION = YES_AGGRESSIVE;
				CLANG_CXX_LANGUAGE_STANDARD = "gnu++20";
				CLANG_ENABLE_MODULES = YES;
				CLANG_ENABLE_OBJC_ARC = YES;
				CLANG_ENABLE_OBJC_WEAK = YES;
				CLANG_WARN_BLOCK_CAPTURE_AUTORELEASING = YES;
				CLANG_WARN_BOOL_CONVERSION = YES;
				CLANG_WARN_COMMA = YES;
				CLANG_WARN_CONSTANT_CONVERSION = YES;
				CLANG_WARN_DEPRECATED_OBJC_IMPLEMENTATIONS = YES;
				CLANG_WARN_DIRECT_OBJC_ISA_USAGE = YES_ERROR;
				CLANG_WARN_DOCUMENTATION_COMMENTS = YES;
				CLANG_WARN_EMPTY_BODY = YES;
				CLANG_WARN_ENUM_CONVERSION = YES;
				CLANG_WARN_INFINITE_RECURSION = YES;
				CLANG_WARN_INT_CONVERSION = YES;
				CLANG_WARN_NON_LITERAL_NULL_CONVERSION = YES;
				CLANG_WARN_OBJC_IMPLICIT_RETAIN_SELF = YES;
				CLANG_WARN_OBJC_LITERAL_CONVERSION = YES;
				CLANG_WARN_OBJC_ROOT_CLASS = YES_ERROR;
				CLANG_WARN_QUOTED_INCLUDE_IN_FRAMEWORK_HEADER = YES;
				CLANG_WARN_RANGE_LOOP_ANALYSIS = YES;
				CLANG_WARN_STRICT_PROTOTYPES = YES;
				CLANG_WARN_SUSPICIOUS_MOVE = YES;
				CLANG_WARN_UNGUARDED_AVAILABILITY = YES_AGGRESSIVE;
				CLANG_WARN_UNREACHABLE_CODE = YES;
				CLANG_WARN__DUPLICATE_METHOD_MATCH = YES;
				COPY_PHASE_STRIP = NO;
				DEBUG_INFORMATION_FORMAT = "dwarf-with-dsym";
				ENABLE_NS_ASSERTIONS = NO;
				ENABLE_STRICT_OBJC_MSGSEND = YES;
				GCC_C_LANGUAGE_STANDARD = gnu11;
				GCC_NO_COMMON_BLOCKS = YES;
				GCC_WARN_64_TO_32_BIT_CONVERSION = YES;
				GCC_WARN_ABOUT_RETURN_TYPE = YES_ERROR;
				GCC_WARN_UNDECLARED_SELECTOR = YES;
				GCC_WARN_UNINITIALIZED_AUTOS = YES_AGGRESSIVE;
				GCC_WARN_UNUSED_FUNCTION = YES;
				GCC_WARN_UNUSED_VARIABLE = YES;
				IPHONEOS_DEPLOYMENT_TARGET = 16.0;
				MTL_ENABLE_DEBUG_INFO = NO;
				MTL_FAST_MATH = YES;
				SDKROOT = iphoneos;
				SWIFT_COMPILATION_MODE = wholemodule;
				SWIFT_OPTIMIZATION_LEVEL = "-O";
				VALIDATE_PRODUCT = YES;
			};
			name = Release;
		};
		0CE46BEC29AC20EE00D6E038 /* Debug */ = {
			isa = XCBuildConfiguration;
			buildSettings = {
				ASSETCATALOG_COMPILER_APPICON_NAME = AppIcon;
				ASSETCATALOG_COMPILER_GLOBAL_ACCENT_COLOR_NAME = AccentColor;
				CODE_SIGN_STYLE = Automatic;
				CURRENT_PROJECT_VERSION = 1;
				DEVELOPMENT_ASSET_PATHS = "\"Notes/Preview Content\"";
				DEVELOPMENT_TEAM = ABK2TMF98V;
				ENABLE_PREVIEWS = YES;
				GENERATE_INFOPLIST_FILE = YES;
				INFOPLIST_FILE = Notes/Info.plist;
				INFOPLIST_KEY_UIApplicationSceneManifest_Generation = YES;
				INFOPLIST_KEY_UIApplicationSupportsIndirectInputEvents = YES;
				INFOPLIST_KEY_UILaunchScreen_Generation = YES;
				INFOPLIST_KEY_UISupportedInterfaceOrientations_iPad = "UIInterfaceOrientationPortrait UIInterfaceOrientationPortraitUpsideDown UIInterfaceOrientationLandscapeLeft UIInterfaceOrientationLandscapeRight";
				INFOPLIST_KEY_UISupportedInterfaceOrientations_iPhone = "UIInterfaceOrientationPortrait UIInterfaceOrientationLandscapeLeft UIInterfaceOrientationLandscapeRight";
				LD_RUNPATH_SEARCH_PATHS = (
					"$(inherited)",
					"@executable_path/Frameworks",
				);
				MARKETING_VERSION = 1.0;
				PRODUCT_BUNDLE_IDENTIFIER = com.david.Notes;
				PRODUCT_NAME = "$(TARGET_NAME)";
				SWIFT_EMIT_LOC_STRINGS = YES;
				SWIFT_VERSION = 5.0;
				TARGETED_DEVICE_FAMILY = "1,2";
			};
			name = Debug;
		};
		0CE46BED29AC20EE00D6E038 /* Release */ = {
			isa = XCBuildConfiguration;
			buildSettings = {
				ASSETCATALOG_COMPILER_APPICON_NAME = AppIcon;
				ASSETCATALOG_COMPILER_GLOBAL_ACCENT_COLOR_NAME = AccentColor;
				CODE_SIGN_STYLE = Automatic;
				CURRENT_PROJECT_VERSION = 1;
				DEVELOPMENT_ASSET_PATHS = "\"Notes/Preview Content\"";
				DEVELOPMENT_TEAM = ABK2TMF98V;
				ENABLE_PREVIEWS = YES;
				GENERATE_INFOPLIST_FILE = YES;
				INFOPLIST_FILE = Notes/Info.plist;
				INFOPLIST_KEY_UIApplicationSceneManifest_Generation = YES;
				INFOPLIST_KEY_UIApplicationSupportsIndirectInputEvents = YES;
				INFOPLIST_KEY_UILaunchScreen_Generation = YES;
				INFOPLIST_KEY_UISupportedInterfaceOrientations_iPad = "UIInterfaceOrientationPortrait UIInterfaceOrientationPortraitUpsideDown UIInterfaceOrientationLandscapeLeft UIInterfaceOrientationLandscapeRight";
				INFOPLIST_KEY_UISupportedInterfaceOrientations_iPhone = "UIInterfaceOrientationPortrait UIInterfaceOrientationLandscapeLeft UIInterfaceOrientationLandscapeRight";
				LD_RUNPATH_SEARCH_PATHS = (
					"$(inherited)",
					"@executable_path/Frameworks",
				);
				MARKETING_VERSION = 1.0;
				PRODUCT_BUNDLE_IDENTIFIER = com.david.Notes;
				PRODUCT_NAME = "$(TARGET_NAME)";
				SWIFT_EMIT_LOC_STRINGS = YES;
				SWIFT_VERSION = 5.0;
				TARGETED_DEVICE_FAMILY = "1,2";
			};
			name = Release;
		};
/* End XCBuildConfiguration section */

/* Begin XCConfigurationList section */
		0CE46BD829AC20ED00D6E038 /* Build configuration list for PBXProject "Notes" */ = {
			isa = XCConfigurationList;
			buildConfigurations = (
				0CE46BE929AC20EE00D6E038 /* Debug */,
				0CE46BEA29AC20EE00D6E038 /* Release */,
			);
			defaultConfigurationIsVisible = 0;
			defaultConfigurationName = Release;
		};
		0CE46BEB29AC20EE00D6E038 /* Build configuration list for PBXNativeTarget "Notes" */ = {
			isa = XCConfigurationList;
			buildConfigurations = (
				0CE46BEC29AC20EE00D6E038 /* Debug */,
				0CE46BED29AC20EE00D6E038 /* Release */,
			);
			defaultConfigurationIsVisible = 0;
			defaultConfigurationName = Release;
		};
/* End XCConfigurationList section */
	};
	rootObject = 0CE46BD529AC20ED00D6E038 /* Project object */;
}
